
Microsoft Visual Studio Solution File, Format Version 11.00
# Visual Studio 2010
Project("{FAE04EC0-301F-11D3-BF4B-00C04F79EFBC}") = "WebSite", "WebSite\WebSite.csproj", "{B48DF601-7E9C-4E9C-A4CC-1970FD76CAA1}"
EndProject
Project("{FAE04EC0-301F-11D3-BF4B-00C04F79EFBC}") = "Business", "Business\Business.csproj", "{A96B98CB-78FE-4EB4-89FB-FFA0F2839E28}"
EndProject
Project("{FAE04EC0-301F-11D3-BF4B-00C04F79EFBC}") = "Data", "Data\Data.csproj", "{BB640FF3-67EE-43C3-9744-5EE4A82767CB}"
EndProject
Project("{FAE04EC0-301F-11D3-BF4B-00C04F79EFBC}") = "Common", "Common\Common.csproj", "{CDA420D8-B41D-4517-BCF0-A4D12C0151D4}"
EndProject
Project("{FAE04EC0-301F-11D3-BF4B-00C04F79EFBC}") = "WebSite.Logic", "WebSite.Logic\WebSite.Logic.csproj", "{68615AC3-9FFE-4E10-96A3-EAB97666D228}"
EndProject
Global
	GlobalSection(SolutionConfigurationPlatforms) = preSolution
		Debug|Any CPU = Debug|Any CPU
		Release|Any CPU = Release|Any CPU
	EndGlobalSection
	GlobalSection(ProjectConfigurationPlatforms) = postSolution
		{B48DF601-7E9C-4E9C-A4CC-1970FD76CAA1}.Debug|Any CPU.ActiveCfg = Debug|Any CPU
		{B48DF601-7E9C-4E9C-A4CC-1970FD76CAA1}.Debug|Any CPU.Build.0 = Debug|Any CPU
		{B48DF601-7E9C-4E9C-A4CC-1970FD76CAA1}.Release|Any CPU.ActiveCfg = Release|Any CPU
		{B48DF601-7E9C-4E9C-A4CC-1970FD76CAA1}.Release|Any CPU.Build.0 = Release|Any CPU
		{A96B98CB-78FE-4EB4-89FB-FFA0F2839E28}.Debug|Any CPU.ActiveCfg = Debug|Any CPU
		{A96B98CB-78FE-4EB4-89FB-FFA0F2839E28}.Debug|Any CPU.Build.0 = Debug|Any CPU
		{A96B98CB-78FE-4EB4-89FB-FFA0F2839E28}.Release|Any CPU.ActiveCfg = Release|Any CPU
		{A96B98CB-78FE-4EB4-89FB-FFA0F2839E28}.Release|Any CPU.Build.0 = Release|Any CPU
		{BB640FF3-67EE-43C3-9744-5EE4A82767CB}.Debug|Any CPU.ActiveCfg = Debug|Any CPU
		{BB640FF3-67EE-43C3-9744-5EE4A82767CB}.Debug|Any CPU.Build.0 = Debug|Any CPU
		{BB640FF3-67EE-43C3-9744-5EE4A82767CB}.Release|Any CPU.ActiveCfg = Release|Any CPU
		{BB640FF3-67EE-43C3-9744-5EE4A82767CB}.Release|Any CPU.Build.0 = Release|Any CPU
		{CDA420D8-B41D-4517-BCF0-A4D12C0151D4}.Debug|Any CPU.ActiveCfg = Debug|Any CPU
		{CDA420D8-B41D-4517-BCF0-A4D12C0151D4}.Debug|Any CPU.Build.0 = Debug|Any CPU
		{CDA420D8-B41D-4517-BCF0-A4D12C0151D4}.Release|Any CPU.ActiveCfg = Release|Any CPU
		{CDA420D8-B41D-4517-BCF0-A4D12C0151D4}.Release|Any CPU.Build.0 = Release|Any CPU
		{68615AC3-9FFE-4E10-96A3-EAB97666D228}.Debug|Any CPU.ActiveCfg = Debug|Any CPU
		{68615AC3-9FFE-4E10-96A3-EAB97666D228}.Debug|Any CPU.Build.0 = Debug|Any CPU
		{68615AC3-9FFE-4E10-96A3-EAB97666D228}.Release|Any CPU.ActiveCfg = Release|Any CPU
		{68615AC3-9FFE-4E10-96A3-EAB97666D228}.Release|Any CPU.Build.0 = Release|Any CPU
	EndGlobalSection
	GlobalSection(SolutionProperties) = preSolution
		HideSolutionNode = FALSE
	EndGlobalSection
EndGlobal
